
Microsoft Visual Studio Solution File, Format Version 12.00
# Visual Studio Version 17
VisualStudioVersion = 17.7.34031.279
MinimumVisualStudioVersion = 10.0.40219.1
Project("{9A19103F-16F7-4668-BE54-9A1E7A4F7556}") = "WebIntern", "WebInter\WebIntern.csproj", "{544CF1DC-9F5E-4C61-8C62-D93F6AEE9E2D}"
EndProject
Global
	GlobalSection(SolutionConfigurationPlatforms) = preSolution
		Debug|Any CPU = Debug|Any CPU
		Release|Any CPU = Release|Any CPU
	EndGlobalSection
	GlobalSection(ProjectConfigurationPlatforms) = postSolution
		{544CF1DC-9F5E-4C61-8C62-D93F6AEE9E2D}.Debug|Any CPU.ActiveCfg = Debug|Any CPU
		{544CF1DC-9F5E-4C61-8C62-D93F6AEE9E2D}.Debug|Any CPU.Build.0 = Debug|Any CPU
		{544CF1DC-9F5E-4C61-8C62-D93F6AEE9E2D}.Release|Any CPU.ActiveCfg = Release|Any CPU
		{544CF1DC-9F5E-4C61-8C62-D93F6AEE9E2D}.Release|Any CPU.Build.0 = Release|Any CPU
	EndGlobalSection
	GlobalSection(SolutionProperties) = preSolution
		HideSolutionNode = FALSE
	EndGlobalSection
	GlobalSection(ExtensibilityGlobals) = postSolution
		SolutionGuid = {2AD19A33-E7B1-4670-8CD8-2AD81D46D9F3}
	EndGlobalSection
EndGlobal
