
Microsoft Visual Studio Solution File, Format Version 12.00
# Visual Studio Version 17
VisualStudioVersion = 17.7.34031.279
MinimumVisualStudioVersion = 10.0.40219.1
Project("{9A19103F-16F7-4668-BE54-9A1E7A4F7556}") = "WebIntern", "WebIntern\WebIntern.csproj", "{905D934D-AD9F-44F5-8C38-22A99A3553ED}"
EndProject
Project("{FAE04EC0-301F-11D3-BF4B-00C04F79EFBC}") = "FormIntern", "FormIntern\FormIntern.csproj", "{850B1293-29F6-40DD-8F59-CC001033EF4D}"
EndProject
Global
	GlobalSection(SolutionConfigurationPlatforms) = preSolution
		Debug|Any CPU = Debug|Any CPU
		Release|Any CPU = Release|Any CPU
	EndGlobalSection
	GlobalSection(ProjectConfigurationPlatforms) = postSolution
		{905D934D-AD9F-44F5-8C38-22A99A3553ED}.Debug|Any CPU.ActiveCfg = Debug|Any CPU
		{905D934D-AD9F-44F5-8C38-22A99A3553ED}.Debug|Any CPU.Build.0 = Debug|Any CPU
		{905D934D-AD9F-44F5-8C38-22A99A3553ED}.Release|Any CPU.ActiveCfg = Release|Any CPU
		{905D934D-AD9F-44F5-8C38-22A99A3553ED}.Release|Any CPU.Build.0 = Release|Any CPU
		{850B1293-29F6-40DD-8F59-CC001033EF4D}.Debug|Any CPU.ActiveCfg = Debug|Any CPU
		{850B1293-29F6-40DD-8F59-CC001033EF4D}.Debug|Any CPU.Build.0 = Debug|Any CPU
		{850B1293-29F6-40DD-8F59-CC001033EF4D}.Release|Any CPU.ActiveCfg = Release|Any CPU
		{850B1293-29F6-40DD-8F59-CC001033EF4D}.Release|Any CPU.Build.0 = Release|Any CPU
	EndGlobalSection
	GlobalSection(SolutionProperties) = preSolution
		HideSolutionNode = FALSE
	EndGlobalSection
	GlobalSection(ExtensibilityGlobals) = postSolution
		SolutionGuid = {2AD19A33-E7B1-4670-8CD8-2AD81D46D9F3}
	EndGlobalSection
EndGlobal
